// !$*UTF8*$!
{
	archiveVersion = 1;
	classes = {
	};
	objectVersion = 50;
	objects = {

/* Begin PBXBuildFile section */
		81B0F58625FEA16F006FBA46 /* DetailViewController.swift in Sources */ = {isa = PBXBuildFile; fileRef = 81B0F58525FEA16F006FBA46 /* DetailViewController.swift */; };
		81BFEFFE25FD297000DD4392 /* AppDelegate.swift in Sources */ = {isa = PBXBuildFile; fileRef = 81BFEFFD25FD297000DD4392 /* AppDelegate.swift */; };
		81BFF00025FD297000DD4392 /* SceneDelegate.swift in Sources */ = {isa = PBXBuildFile; fileRef = 81BFEFFF25FD297000DD4392 /* SceneDelegate.swift */; };
		81BFF00225FD297000DD4392 /* ViewController.swift in Sources */ = {isa = PBXBuildFile; fileRef = 81BFF00125FD297000DD4392 /* ViewController.swift */; };
		81BFF00525FD297000DD4392 /* Main.storyboard in Resources */ = {isa = PBXBuildFile; fileRef = 81BFF00325FD297000DD4392 /* Main.storyboard */; };
		81BFF00725FD297200DD4392 /* Assets.xcassets in Resources */ = {isa = PBXBuildFile; fileRef = 81BFF00625FD297200DD4392 /* Assets.xcassets */; };
		81BFF00A25FD297200DD4392 /* LaunchScreen.storyboard in Resources */ = {isa = PBXBuildFile; fileRef = 81BFF00825FD297200DD4392 /* LaunchScreen.storyboard */; };
		81BFF01425FD5E4300DD4392 /* Picture.swift in Sources */ = {isa = PBXBuildFile; fileRef = 81BFF01325FD5E4300DD4392 /* Picture.swift */; };
		81BFF01725FD605200DD4392 /* PictureStruct.swift in Sources */ = {isa = PBXBuildFile; fileRef = 81BFF01625FD605200DD4392 /* PictureStruct.swift */; };
/* End PBXBuildFile section */

/* Begin PBXFileReference section */
		81B0F58525FEA16F006FBA46 /* DetailViewController.swift */ = {isa = PBXFileReference; lastKnownFileType = sourcecode.swift; path = DetailViewController.swift; sourceTree = "<group>"; };
		81BFEFFA25FD297000DD4392 /* Milestone 10-12.app */ = {isa = PBXFileReference; explicitFileType = wrapper.application; includeInIndex = 0; path = "Milestone 10-12.app"; sourceTree = BUILT_PRODUCTS_DIR; };
		81BFEFFD25FD297000DD4392 /* AppDelegate.swift */ = {isa = PBXFileReference; lastKnownFileType = sourcecode.swift; path = AppDelegate.swift; sourceTree = "<group>"; };
		81BFEFFF25FD297000DD4392 /* SceneDelegate.swift */ = {isa = PBXFileReference; lastKnownFileType = sourcecode.swift; path = SceneDelegate.swift; sourceTree = "<group>"; };
		81BFF00125FD297000DD4392 /* ViewController.swift */ = {isa = PBXFileReference; lastKnownFileType = sourcecode.swift; path = ViewController.swift; sourceTree = "<group>"; };
		81BFF00425FD297000DD4392 /* Base */ = {isa = PBXFileReference; lastKnownFileType = file.storyboard; name = Base; path = Base.lproj/Main.storyboard; sourceTree = "<group>"; };
		81BFF00625FD297200DD4392 /* Assets.xcassets */ = {isa = PBXFileReference; lastKnownFileType = folder.assetcatalog; path = Assets.xcassets; sourceTree = "<group>"; };
		81BFF00925FD297200DD4392 /* Base */ = {isa = PBXFileReference; lastKnownFileType = file.storyboard; name = Base; path = Base.lproj/LaunchScreen.storyboard; sourceTree = "<group>"; };
		81BFF00B25FD297200DD4392 /* Info.plist */ = {isa = PBXFileReference; lastKnownFileType = text.plist.xml; path = Info.plist; sourceTree = "<group>"; };
		81BFF01325FD5E4300DD4392 /* Picture.swift */ = {isa = PBXFileReference; lastKnownFileType = sourcecode.swift; path = Picture.swift; sourceTree = "<group>"; };
		81BFF01625FD605200DD4392 /* PictureStruct.swift */ = {isa = PBXFileReference; lastKnownFileType = sourcecode.swift; path = PictureStruct.swift; sourceTree = "<group>"; };
/* End PBXFileReference section */

/* Begin PBXFrameworksBuildPhase section */
		81BFEFF725FD297000DD4392 /* Frameworks */ = {
			isa = PBXFrameworksBuildPhase;
			buildActionMask = 2147483647;
			files = (
			);
			runOnlyForDeploymentPostprocessing = 0;
		};
/* End PBXFrameworksBuildPhase section */

/* Begin PBXGroup section */
		81BFEFF125FD297000DD4392 = {
			isa = PBXGroup;
			children = (
				81BFEFFC25FD297000DD4392 /* Milestone 10-12 */,
				81BFEFFB25FD297000DD4392 /* Products */,
			);
			sourceTree = "<group>";
		};
		81BFEFFB25FD297000DD4392 /* Products */ = {
			isa = PBXGroup;
			children = (
				81BFEFFA25FD297000DD4392 /* Milestone 10-12.app */,
			);
			name = Products;
			sourceTree = "<group>";
		};
		81BFEFFC25FD297000DD4392 /* Milestone 10-12 */ = {
			isa = PBXGroup;
			children = (
				81BFEFFD25FD297000DD4392 /* AppDelegate.swift */,
				81BFEFFF25FD297000DD4392 /* SceneDelegate.swift */,
				81BFF00125FD297000DD4392 /* ViewController.swift */,
				81BFF01325FD5E4300DD4392 /* Picture.swift */,
				81BFF01625FD605200DD4392 /* PictureStruct.swift */,
				81BFF00325FD297000DD4392 /* Main.storyboard */,
				81B0F58525FEA16F006FBA46 /* DetailViewController.swift */,
				81BFF00625FD297200DD4392 /* Assets.xcassets */,
				81BFF00825FD297200DD4392 /* LaunchScreen.storyboard */,
				81BFF00B25FD297200DD4392 /* Info.plist */,
			);
			path = "Milestone 10-12";
			sourceTree = "<group>";
		};
/* End PBXGroup section */

/* Begin PBXNativeTarget section */
		81BFEFF925FD297000DD4392 /* Milestone 10-12 */ = {
			isa = PBXNativeTarget;
			buildConfigurationList = 81BFF00E25FD297200DD4392 /* Build configuration list for PBXNativeTarget "Milestone 10-12" */;
			buildPhases = (
				81BFEFF625FD297000DD4392 /* Sources */,
				81BFEFF725FD297000DD4392 /* Frameworks */,
				81BFEFF825FD297000DD4392 /* Resources */,
			);
			buildRules = (
			);
			dependencies = (
			);
			name = "Milestone 10-12";
			productName = "Milestone 10-12";
			productReference = 81BFEFFA25FD297000DD4392 /* Milestone 10-12.app */;
			productType = "com.apple.product-type.application";
		};
/* End PBXNativeTarget section */

/* Begin PBXProject section */
		81BFEFF225FD297000DD4392 /* Project object */ = {
			isa = PBXProject;
			attributes = {
				LastSwiftUpdateCheck = 1240;
				LastUpgradeCheck = 1240;
				TargetAttributes = {
					81BFEFF925FD297000DD4392 = {
						CreatedOnToolsVersion = 12.4;
					};
				};
			};
			buildConfigurationList = 81BFEFF525FD297000DD4392 /* Build configuration list for PBXProject "Milestone 10-12" */;
			compatibilityVersion = "Xcode 9.3";
			developmentRegion = en;
			hasScannedForEncodings = 0;
			knownRegions = (
				en,
				Base,
			);
			mainGroup = 81BFEFF125FD297000DD4392;
			productRefGroup = 81BFEFFB25FD297000DD4392 /* Products */;
			projectDirPath = "";
			projectRoot = "";
			targets = (
				81BFEFF925FD297000DD4392 /* Milestone 10-12 */,
			);
		};
/* End PBXProject section */

/* Begin PBXResourcesBuildPhase section */
		81BFEFF825FD297000DD4392 /* Resources */ = {
			isa = PBXResourcesBuildPhase;
			buildActionMask = 2147483647;
			files = (
				81BFF00A25FD297200DD4392 /* LaunchScreen.storyboard in Resources */,
				81BFF00725FD297200DD4392 /* Assets.xcassets in Resources */,
				81BFF00525FD297000DD4392 /* Main.storyboard in Resources */,
			);
			runOnlyForDeploymentPostprocessing = 0;
		};
/* End PBXResourcesBuildPhase section */

/* Begin PBXSourcesBuildPhase section */
		81BFEFF625FD297000DD4392 /* Sources */ = {
			isa = PBXSourcesBuildPhase;
			buildActionMask = 2147483647;
			files = (
				81BFF01425FD5E4300DD4392 /* Picture.swift in Sources */,
				81BFF00225FD297000DD4392 /* ViewController.swift in Sources */,
				81BFF01725FD605200DD4392 /* PictureStruct.swift in Sources */,
				81B0F58625FEA16F006FBA46 /* DetailViewController.swift in Sources */,
				81BFEFFE25FD297000DD4392 /* AppDelegate.swift in Sources */,
				81BFF00025FD297000DD4392 /* SceneDelegate.swift in Sources */,
			);
			runOnlyForDeploymentPostprocessing = 0;
		};
/* End PBXSourcesBuildPhase section */

/* Begin PBXVariantGroup section */
		81BFF00325FD297000DD4392 /* Main.storyboard */ = {
			isa = PBXVariantGroup;
			children = (
				81BFF00425FD297000DD4392 /* Base */,
			);
			name = Main.storyboard;
			sourceTree = "<group>";
		};
		81BFF00825FD297200DD4392 /* LaunchScreen.storyboard */ = {
			isa = PBXVariantGroup;
			children = (
				81BFF00925FD297200DD4392 /* Base */,
			);
			name = LaunchScreen.storyboard;
			sourceTree = "<group>";
		};
/* End PBXVariantGroup section */

/* Begin XCBuildConfiguration section */
		81BFF00C25FD297200DD4392 /* Debug */ = {
			isa = XCBuildConfiguration;
			buildSettings = {
				ALWAYS_SEARCH_USER_PATHS = NO;
				CLANG_ANALYZER_NONNULL = YES;
				CLANG_ANALYZER_NUMBER_OBJECT_CONVERSION = YES_AGGRESSIVE;
				CLANG_CXX_LANGUAGE_STANDARD = "gnu++14";
				CLANG_CXX_LIBRARY = "libc++";
				CLANG_ENABLE_MODULES = YES;
				CLANG_ENABLE_OBJC_ARC = YES;
				CLANG_ENABLE_OBJC_WEAK = YES;
				CLANG_WARN_BLOCK_CAPTURE_AUTORELEASING = YES;
				CLANG_WARN_BOOL_CONVERSION = YES;
				CLANG_WARN_COMMA = YES;
				CLANG_WARN_CONSTANT_CONVERSION = YES;
				CLANG_WARN_DEPRECATED_OBJC_IMPLEMENTATIONS = YES;
				CLANG_WARN_DIRECT_OBJC_ISA_USAGE = YES_ERROR;
				CLANG_WARN_DOCUMENTATION_COMMENTS = YES;
				CLANG_WARN_EMPTY_BODY = YES;
				CLANG_WARN_ENUM_CONVERSION = YES;
				CLANG_WARN_INFINITE_RECURSION = YES;
				CLANG_WARN_INT_CONVERSION = YES;
				CLANG_WARN_NON_LITERAL_NULL_CONVERSION = YES;
				CLANG_WARN_OBJC_IMPLICIT_RETAIN_SELF = YES;
				CLANG_WARN_OBJC_LITERAL_CONVERSION = YES;
				CLANG_WARN_OBJC_ROOT_CLASS = YES_ERROR;
				CLANG_WARN_QUOTED_INCLUDE_IN_FRAMEWORK_HEADER = YES;
				CLANG_WARN_RANGE_LOOP_ANALYSIS = YES;
				CLANG_WARN_STRICT_PROTOTYPES = YES;
				CLANG_WARN_SUSPICIOUS_MOVE = YES;
				CLANG_WARN_UNGUARDED_AVAILABILITY = YES_AGGRESSIVE;
				CLANG_WARN_UNREACHABLE_CODE = YES;
				CLANG_WARN__DUPLICATE_METHOD_MATCH = YES;
				COPY_PHASE_STRIP = NO;
				DEBUG_INFORMATION_FORMAT = dwarf;
				ENABLE_STRICT_OBJC_MSGSEND = YES;
				ENABLE_TESTABILITY = YES;
				GCC_C_LANGUAGE_STANDARD = gnu11;
				GCC_DYNAMIC_NO_PIC = NO;
				GCC_NO_COMMON_BLOCKS = YES;
				GCC_OPTIMIZATION_LEVEL = 0;
				GCC_PREPROCESSOR_DEFINITIONS = (
					"DEBUG=1",
					"$(inherited)",
				);
				GCC_WARN_64_TO_32_BIT_CONVERSION = YES;
				GCC_WARN_ABOUT_RETURN_TYPE = YES_ERROR;
				GCC_WARN_UNDECLARED_SELECTOR = YES;
				GCC_WARN_UNINITIALIZED_AUTOS = YES_AGGRESSIVE;
				GCC_WARN_UNUSED_FUNCTION = YES;
				GCC_WARN_UNUSED_VARIABLE = YES;
				IPHONEOS_DEPLOYMENT_TARGET = 14.4;
				MTL_ENABLE_DEBUG_INFO = INCLUDE_SOURCE;
				MTL_FAST_MATH = YES;
				ONLY_ACTIVE_ARCH = YES;
				SDKROOT = iphoneos;
				SWIFT_ACTIVE_COMPILATION_CONDITIONS = DEBUG;
				SWIFT_OPTIMIZATION_LEVEL = "-Onone";
			};
			name = Debug;
		};
		81BFF00D25FD297200DD4392 /* Release */ = {
			isa = XCBuildConfiguration;
			buildSettings = {
				ALWAYS_SEARCH_USER_PATHS = NO;
				CLANG_ANALYZER_NONNULL = YES;
				CLANG_ANALYZER_NUMBER_OBJECT_CONVERSION = YES_AGGRESSIVE;
				CLANG_CXX_LANGUAGE_STANDARD = "gnu++14";
				CLANG_CXX_LIBRARY = "libc++";
				CLANG_ENABLE_MODULES = YES;
				CLANG_ENABLE_OBJC_ARC = YES;
				CLANG_ENABLE_OBJC_WEAK = YES;
				CLANG_WARN_BLOCK_CAPTURE_AUTORELEASING = YES;
				CLANG_WARN_BOOL_CONVERSION = YES;
				CLANG_WARN_COMMA = YES;
				CLANG_WARN_CONSTANT_CONVERSION = YES;
				CLANG_WARN_DEPRECATED_OBJC_IMPLEMENTATIONS = YES;
				CLANG_WARN_DIRECT_OBJC_ISA_USAGE = YES_ERROR;
				CLANG_WARN_DOCUMENTATION_COMMENTS = YES;
				CLANG_WARN_EMPTY_BODY = YES;
				CLANG_WARN_ENUM_CONVERSION = YES;
				CLANG_WARN_INFINITE_RECURSION = YES;
				CLANG_WARN_INT_CONVERSION = YES;
				CLANG_WARN_NON_LITERAL_NULL_CONVERSION = YES;
				CLANG_WARN_OBJC_IMPLICIT_RETAIN_SELF = YES;
				CLANG_WARN_OBJC_LITERAL_CONVERSION = YES;
				CLANG_WARN_OBJC_ROOT_CLASS = YES_ERROR;
				CLANG_WARN_QUOTED_INCLUDE_IN_FRAMEWORK_HEADER = YES;
				CLANG_WARN_RANGE_LOOP_ANALYSIS = YES;
				CLANG_WARN_STRICT_PROTOTYPES = YES;
				CLANG_WARN_SUSPICIOUS_MOVE = YES;
				CLANG_WARN_UNGUARDED_AVAILABILITY = YES_AGGRESSIVE;
				CLANG_WARN_UNREACHABLE_CODE = YES;
				CLANG_WARN__DUPLICATE_METHOD_MATCH = YES;
				COPY_PHASE_STRIP = NO;
				DEBUG_INFORMATION_FORMAT = "dwarf-with-dsym";
				ENABLE_NS_ASSERTIONS = NO;
				ENABLE_STRICT_OBJC_MSGSEND = YES;
				GCC_C_LANGUAGE_STANDARD = gnu11;
				GCC_NO_COMMON_BLOCKS = YES;
				GCC_WARN_64_TO_32_BIT_CONVERSION = YES;
				GCC_WARN_ABOUT_RETURN_TYPE = YES_ERROR;
				GCC_WARN_UNDECLARED_SELECTOR = YES;
				GCC_WARN_UNINITIALIZED_AUTOS = YES_AGGRESSIVE;
				GCC_WARN_UNUSED_FUNCTION = YES;
				GCC_WARN_UNUSED_VARIABLE = YES;
				IPHONEOS_DEPLOYMENT_TARGET = 14.4;
				MTL_ENABLE_DEBUG_INFO = NO;
				MTL_FAST_MATH = YES;
				SDKROOT = iphoneos;
				SWIFT_COMPILATION_MODE = wholemodule;
				SWIFT_OPTIMIZATION_LEVEL = "-O";
				VALIDATE_PRODUCT = YES;
			};
			name = Release;
		};
		81BFF00F25FD297200DD4392 /* Debug */ = {
			isa = XCBuildConfiguration;
			buildSettings = {
				ASSETCATALOG_COMPILER_APPICON_NAME = AppIcon;
				ASSETCATALOG_COMPILER_GLOBAL_ACCENT_COLOR_NAME = AccentColor;
				CODE_SIGN_STYLE = Automatic;
				DEVELOPMENT_TEAM = YK9XLY7582;
				INFOPLIST_FILE = "Milestone 10-12/Info.plist";
				LD_RUNPATH_SEARCH_PATHS = (
					"$(inherited)",
					"@executable_path/Frameworks",
				);
				PRODUCT_BUNDLE_IDENTIFIER = "ru.mail.at-mak.Milestone-10-12";
				PRODUCT_NAME = "$(TARGET_NAME)";
				SWIFT_VERSION = 5.0;
				TARGETED_DEVICE_FAMILY = "1,2";
			};
			name = Debug;
		};
		81BFF01025FD297200DD4392 /* Release */ = {
			isa = XCBuildConfiguration;
			buildSettings = {
				ASSETCATALOG_COMPILER_APPICON_NAME = AppIcon;
				ASSETCATALOG_COMPILER_GLOBAL_ACCENT_COLOR_NAME = AccentColor;
				CODE_SIGN_STYLE = Automatic;
				DEVELOPMENT_TEAM = YK9XLY7582;
				INFOPLIST_FILE = "Milestone 10-12/Info.plist";
				LD_RUNPATH_SEARCH_PATHS = (
					"$(inherited)",
					"@executable_path/Frameworks",
				);
				PRODUCT_BUNDLE_IDENTIFIER = "ru.mail.at-mak.Milestone-10-12";
				PRODUCT_NAME = "$(TARGET_NAME)";
				SWIFT_VERSION = 5.0;
				TARGETED_DEVICE_FAMILY = "1,2";
			};
			name = Release;
		};
/* End XCBuildConfiguration section */

/* Begin XCConfigurationList section */
		81BFEFF525FD297000DD4392 /* Build configuration list for PBXProject "Milestone 10-12" */ = {
			isa = XCConfigurationList;
			buildConfigurations = (
				81BFF00C25FD297200DD4392 /* Debug */,
				81BFF00D25FD297200DD4392 /* Release */,
			);
			defaultConfigurationIsVisible = 0;
			defaultConfigurationName = Release;
		};
		81BFF00E25FD297200DD4392 /* Build configuration list for PBXNativeTarget "Milestone 10-12" */ = {
			isa = XCConfigurationList;
			buildConfigurations = (
				81BFF00F25FD297200DD4392 /* Debug */,
				81BFF01025FD297200DD4392 /* Release */,
			);
			defaultConfigurationIsVisible = 0;
			defaultConfigurationName = Release;
		};
/* End XCConfigurationList section */
	};
	rootObject = 81BFEFF225FD297000DD4392 /* Project object */;
}
