// !$*UTF8*$!
{
	archiveVersion = 1;
	classes = {
	};
	objectVersion = 50;
	objects = {

/* Begin PBXBuildFile section */
		81194092264465820053C556 /* AppDelegate.swift in Sources */ = {isa = PBXBuildFile; fileRef = 81194091264465820053C556 /* AppDelegate.swift */; };
		81194094264465820053C556 /* SceneDelegate.swift in Sources */ = {isa = PBXBuildFile; fileRef = 81194093264465820053C556 /* SceneDelegate.swift */; };
		81194096264465820053C556 /* ViewController.swift in Sources */ = {isa = PBXBuildFile; fileRef = 81194095264465820053C556 /* ViewController.swift */; };
		81194099264465820053C556 /* Main.storyboard in Resources */ = {isa = PBXBuildFile; fileRef = 81194097264465820053C556 /* Main.storyboard */; };
		8119409B264465830053C556 /* Assets.xcassets in Resources */ = {isa = PBXBuildFile; fileRef = 8119409A264465830053C556 /* Assets.xcassets */; };
		8119409E264465830053C556 /* LaunchScreen.storyboard in Resources */ = {isa = PBXBuildFile; fileRef = 8119409C264465830053C556 /* LaunchScreen.storyboard */; };
		811940A6264466BD0053C556 /* pairs.txt in Resources */ = {isa = PBXBuildFile; fileRef = 811940A5264466BD0053C556 /* pairs.txt */; };
		811940A826446F6B0053C556 /* GameCardView.swift in Sources */ = {isa = PBXBuildFile; fileRef = 811940A726446F6B0053C556 /* GameCardView.swift */; };
/* End PBXBuildFile section */

/* Begin PBXFileReference section */
		8119408E264465820053C556 /* Milestone 28-30.app */ = {isa = PBXFileReference; explicitFileType = wrapper.application; includeInIndex = 0; path = "Milestone 28-30.app"; sourceTree = BUILT_PRODUCTS_DIR; };
		81194091264465820053C556 /* AppDelegate.swift */ = {isa = PBXFileReference; lastKnownFileType = sourcecode.swift; path = AppDelegate.swift; sourceTree = "<group>"; };
		81194093264465820053C556 /* SceneDelegate.swift */ = {isa = PBXFileReference; lastKnownFileType = sourcecode.swift; path = SceneDelegate.swift; sourceTree = "<group>"; };
		81194095264465820053C556 /* ViewController.swift */ = {isa = PBXFileReference; lastKnownFileType = sourcecode.swift; path = ViewController.swift; sourceTree = "<group>"; };
		81194098264465820053C556 /* Base */ = {isa = PBXFileReference; lastKnownFileType = file.storyboard; name = Base; path = Base.lproj/Main.storyboard; sourceTree = "<group>"; };
		8119409A264465830053C556 /* Assets.xcassets */ = {isa = PBXFileReference; lastKnownFileType = folder.assetcatalog; path = Assets.xcassets; sourceTree = "<group>"; };
		8119409D264465830053C556 /* Base */ = {isa = PBXFileReference; lastKnownFileType = file.storyboard; name = Base; path = Base.lproj/LaunchScreen.storyboard; sourceTree = "<group>"; };
		8119409F264465830053C556 /* Info.plist */ = {isa = PBXFileReference; lastKnownFileType = text.plist.xml; path = Info.plist; sourceTree = "<group>"; };
		811940A5264466BD0053C556 /* pairs.txt */ = {isa = PBXFileReference; lastKnownFileType = text; path = pairs.txt; sourceTree = "<group>"; };
		811940A726446F6B0053C556 /* GameCardView.swift */ = {isa = PBXFileReference; lastKnownFileType = sourcecode.swift; path = GameCardView.swift; sourceTree = "<group>"; };
/* End PBXFileReference section */

/* Begin PBXFrameworksBuildPhase section */
		8119408B264465820053C556 /* Frameworks */ = {
			isa = PBXFrameworksBuildPhase;
			buildActionMask = 2147483647;
			files = (
			);
			runOnlyForDeploymentPostprocessing = 0;
		};
/* End PBXFrameworksBuildPhase section */

/* Begin PBXGroup section */
		81194085264465820053C556 = {
			isa = PBXGroup;
			children = (
				81194090264465820053C556 /* Milestone 28-30 */,
				8119408F264465820053C556 /* Products */,
			);
			sourceTree = "<group>";
		};
		8119408F264465820053C556 /* Products */ = {
			isa = PBXGroup;
			children = (
				8119408E264465820053C556 /* Milestone 28-30.app */,
			);
			name = Products;
			sourceTree = "<group>";
		};
		81194090264465820053C556 /* Milestone 28-30 */ = {
			isa = PBXGroup;
			children = (
				81194091264465820053C556 /* AppDelegate.swift */,
				81194093264465820053C556 /* SceneDelegate.swift */,
				81194095264465820053C556 /* ViewController.swift */,
				81194097264465820053C556 /* Main.storyboard */,
				811940A726446F6B0053C556 /* GameCardView.swift */,
				8119409A264465830053C556 /* Assets.xcassets */,
				8119409C264465830053C556 /* LaunchScreen.storyboard */,
				8119409F264465830053C556 /* Info.plist */,
				811940A5264466BD0053C556 /* pairs.txt */,
			);
			path = "Milestone 28-30";
			sourceTree = "<group>";
		};
/* End PBXGroup section */

/* Begin PBXNativeTarget section */
		8119408D264465820053C556 /* Milestone 28-30 */ = {
			isa = PBXNativeTarget;
			buildConfigurationList = 811940A2264465830053C556 /* Build configuration list for PBXNativeTarget "Milestone 28-30" */;
			buildPhases = (
				8119408A264465820053C556 /* Sources */,
				8119408B264465820053C556 /* Frameworks */,
				8119408C264465820053C556 /* Resources */,
			);
			buildRules = (
			);
			dependencies = (
			);
			name = "Milestone 28-30";
			productName = "Milestone 28-30";
			productReference = 8119408E264465820053C556 /* Milestone 28-30.app */;
			productType = "com.apple.product-type.application";
		};
/* End PBXNativeTarget section */

/* Begin PBXProject section */
		81194086264465820053C556 /* Project object */ = {
			isa = PBXProject;
			attributes = {
				LastSwiftUpdateCheck = 1250;
				LastUpgradeCheck = 1250;
				TargetAttributes = {
					8119408D264465820053C556 = {
						CreatedOnToolsVersion = 12.5;
					};
				};
			};
			buildConfigurationList = 81194089264465820053C556 /* Build configuration list for PBXProject "Milestone 28-30" */;
			compatibilityVersion = "Xcode 9.3";
			developmentRegion = en;
			hasScannedForEncodings = 0;
			knownRegions = (
				en,
				Base,
			);
			mainGroup = 81194085264465820053C556;
			productRefGroup = 8119408F264465820053C556 /* Products */;
			projectDirPath = "";
			projectRoot = "";
			targets = (
				8119408D264465820053C556 /* Milestone 28-30 */,
			);
		};
/* End PBXProject section */

/* Begin PBXResourcesBuildPhase section */
		8119408C264465820053C556 /* Resources */ = {
			isa = PBXResourcesBuildPhase;
			buildActionMask = 2147483647;
			files = (
				8119409E264465830053C556 /* LaunchScreen.storyboard in Resources */,
				8119409B264465830053C556 /* Assets.xcassets in Resources */,
				811940A6264466BD0053C556 /* pairs.txt in Resources */,
				81194099264465820053C556 /* Main.storyboard in Resources */,
			);
			runOnlyForDeploymentPostprocessing = 0;
		};
/* End PBXResourcesBuildPhase section */

/* Begin PBXSourcesBuildPhase section */
		8119408A264465820053C556 /* Sources */ = {
			isa = PBXSourcesBuildPhase;
			buildActionMask = 2147483647;
			files = (
				81194096264465820053C556 /* ViewController.swift in Sources */,
				81194092264465820053C556 /* AppDelegate.swift in Sources */,
				811940A826446F6B0053C556 /* GameCardView.swift in Sources */,
				81194094264465820053C556 /* SceneDelegate.swift in Sources */,
			);
			runOnlyForDeploymentPostprocessing = 0;
		};
/* End PBXSourcesBuildPhase section */

/* Begin PBXVariantGroup section */
		81194097264465820053C556 /* Main.storyboard */ = {
			isa = PBXVariantGroup;
			children = (
				81194098264465820053C556 /* Base */,
			);
			name = Main.storyboard;
			sourceTree = "<group>";
		};
		8119409C264465830053C556 /* LaunchScreen.storyboard */ = {
			isa = PBXVariantGroup;
			children = (
				8119409D264465830053C556 /* Base */,
			);
			name = LaunchScreen.storyboard;
			sourceTree = "<group>";
		};
/* End PBXVariantGroup section */

/* Begin XCBuildConfiguration section */
		811940A0264465830053C556 /* Debug */ = {
			isa = XCBuildConfiguration;
			buildSettings = {
				ALWAYS_SEARCH_USER_PATHS = NO;
				CLANG_ANALYZER_NONNULL = YES;
				CLANG_ANALYZER_NUMBER_OBJECT_CONVERSION = YES_AGGRESSIVE;
				CLANG_CXX_LANGUAGE_STANDARD = "gnu++14";
				CLANG_CXX_LIBRARY = "libc++";
				CLANG_ENABLE_MODULES = YES;
				CLANG_ENABLE_OBJC_ARC = YES;
				CLANG_ENABLE_OBJC_WEAK = YES;
				CLANG_WARN_BLOCK_CAPTURE_AUTORELEASING = YES;
				CLANG_WARN_BOOL_CONVERSION = YES;
				CLANG_WARN_COMMA = YES;
				CLANG_WARN_CONSTANT_CONVERSION = YES;
				CLANG_WARN_DEPRECATED_OBJC_IMPLEMENTATIONS = YES;
				CLANG_WARN_DIRECT_OBJC_ISA_USAGE = YES_ERROR;
				CLANG_WARN_DOCUMENTATION_COMMENTS = YES;
				CLANG_WARN_EMPTY_BODY = YES;
				CLANG_WARN_ENUM_CONVERSION = YES;
				CLANG_WARN_INFINITE_RECURSION = YES;
				CLANG_WARN_INT_CONVERSION = YES;
				CLANG_WARN_NON_LITERAL_NULL_CONVERSION = YES;
				CLANG_WARN_OBJC_IMPLICIT_RETAIN_SELF = YES;
				CLANG_WARN_OBJC_LITERAL_CONVERSION = YES;
				CLANG_WARN_OBJC_ROOT_CLASS = YES_ERROR;
				CLANG_WARN_QUOTED_INCLUDE_IN_FRAMEWORK_HEADER = YES;
				CLANG_WARN_RANGE_LOOP_ANALYSIS = YES;
				CLANG_WARN_STRICT_PROTOTYPES = YES;
				CLANG_WARN_SUSPICIOUS_MOVE = YES;
				CLANG_WARN_UNGUARDED_AVAILABILITY = YES_AGGRESSIVE;
				CLANG_WARN_UNREACHABLE_CODE = YES;
				CLANG_WARN__DUPLICATE_METHOD_MATCH = YES;
				COPY_PHASE_STRIP = NO;
				DEBUG_INFORMATION_FORMAT = dwarf;
				ENABLE_STRICT_OBJC_MSGSEND = YES;
				ENABLE_TESTABILITY = YES;
				GCC_C_LANGUAGE_STANDARD = gnu11;
				GCC_DYNAMIC_NO_PIC = NO;
				GCC_NO_COMMON_BLOCKS = YES;
				GCC_OPTIMIZATION_LEVEL = 0;
				GCC_PREPROCESSOR_DEFINITIONS = (
					"DEBUG=1",
					"$(inherited)",
				);
				GCC_WARN_64_TO_32_BIT_CONVERSION = YES;
				GCC_WARN_ABOUT_RETURN_TYPE = YES_ERROR;
				GCC_WARN_UNDECLARED_SELECTOR = YES;
				GCC_WARN_UNINITIALIZED_AUTOS = YES_AGGRESSIVE;
				GCC_WARN_UNUSED_FUNCTION = YES;
				GCC_WARN_UNUSED_VARIABLE = YES;
				IPHONEOS_DEPLOYMENT_TARGET = 14.5;
				MTL_ENABLE_DEBUG_INFO = INCLUDE_SOURCE;
				MTL_FAST_MATH = YES;
				ONLY_ACTIVE_ARCH = YES;
				SDKROOT = iphoneos;
				SWIFT_ACTIVE_COMPILATION_CONDITIONS = DEBUG;
				SWIFT_OPTIMIZATION_LEVEL = "-Onone";
			};
			name = Debug;
		};
		811940A1264465830053C556 /* Release */ = {
			isa = XCBuildConfiguration;
			buildSettings = {
				ALWAYS_SEARCH_USER_PATHS = NO;
				CLANG_ANALYZER_NONNULL = YES;
				CLANG_ANALYZER_NUMBER_OBJECT_CONVERSION = YES_AGGRESSIVE;
				CLANG_CXX_LANGUAGE_STANDARD = "gnu++14";
				CLANG_CXX_LIBRARY = "libc++";
				CLANG_ENABLE_MODULES = YES;
				CLANG_ENABLE_OBJC_ARC = YES;
				CLANG_ENABLE_OBJC_WEAK = YES;
				CLANG_WARN_BLOCK_CAPTURE_AUTORELEASING = YES;
				CLANG_WARN_BOOL_CONVERSION = YES;
				CLANG_WARN_COMMA = YES;
				CLANG_WARN_CONSTANT_CONVERSION = YES;
				CLANG_WARN_DEPRECATED_OBJC_IMPLEMENTATIONS = YES;
				CLANG_WARN_DIRECT_OBJC_ISA_USAGE = YES_ERROR;
				CLANG_WARN_DOCUMENTATION_COMMENTS = YES;
				CLANG_WARN_EMPTY_BODY = YES;
				CLANG_WARN_ENUM_CONVERSION = YES;
				CLANG_WARN_INFINITE_RECURSION = YES;
				CLANG_WARN_INT_CONVERSION = YES;
				CLANG_WARN_NON_LITERAL_NULL_CONVERSION = YES;
				CLANG_WARN_OBJC_IMPLICIT_RETAIN_SELF = YES;
				CLANG_WARN_OBJC_LITERAL_CONVERSION = YES;
				CLANG_WARN_OBJC_ROOT_CLASS = YES_ERROR;
				CLANG_WARN_QUOTED_INCLUDE_IN_FRAMEWORK_HEADER = YES;
				CLANG_WARN_RANGE_LOOP_ANALYSIS = YES;
				CLANG_WARN_STRICT_PROTOTYPES = YES;
				CLANG_WARN_SUSPICIOUS_MOVE = YES;
				CLANG_WARN_UNGUARDED_AVAILABILITY = YES_AGGRESSIVE;
				CLANG_WARN_UNREACHABLE_CODE = YES;
				CLANG_WARN__DUPLICATE_METHOD_MATCH = YES;
				COPY_PHASE_STRIP = NO;
				DEBUG_INFORMATION_FORMAT = "dwarf-with-dsym";
				ENABLE_NS_ASSERTIONS = NO;
				ENABLE_STRICT_OBJC_MSGSEND = YES;
				GCC_C_LANGUAGE_STANDARD = gnu11;
				GCC_NO_COMMON_BLOCKS = YES;
				GCC_WARN_64_TO_32_BIT_CONVERSION = YES;
				GCC_WARN_ABOUT_RETURN_TYPE = YES_ERROR;
				GCC_WARN_UNDECLARED_SELECTOR = YES;
				GCC_WARN_UNINITIALIZED_AUTOS = YES_AGGRESSIVE;
				GCC_WARN_UNUSED_FUNCTION = YES;
				GCC_WARN_UNUSED_VARIABLE = YES;
				IPHONEOS_DEPLOYMENT_TARGET = 14.5;
				MTL_ENABLE_DEBUG_INFO = NO;
				MTL_FAST_MATH = YES;
				SDKROOT = iphoneos;
				SWIFT_COMPILATION_MODE = wholemodule;
				SWIFT_OPTIMIZATION_LEVEL = "-O";
				VALIDATE_PRODUCT = YES;
			};
			name = Release;
		};
		811940A3264465830053C556 /* Debug */ = {
			isa = XCBuildConfiguration;
			buildSettings = {
				ASSETCATALOG_COMPILER_APPICON_NAME = AppIcon;
				ASSETCATALOG_COMPILER_GLOBAL_ACCENT_COLOR_NAME = AccentColor;
				CODE_SIGN_STYLE = Automatic;
				DEVELOPMENT_TEAM = YK9XLY7582;
				INFOPLIST_FILE = "Milestone 28-30/Info.plist";
				LD_RUNPATH_SEARCH_PATHS = (
					"$(inherited)",
					"@executable_path/Frameworks",
				);
				PRODUCT_BUNDLE_IDENTIFIER = "ru.mail.at-mak.Milestone-28-30";
				PRODUCT_NAME = "$(TARGET_NAME)";
				SWIFT_VERSION = 5.0;
				TARGETED_DEVICE_FAMILY = "1,2";
			};
			name = Debug;
		};
		811940A4264465830053C556 /* Release */ = {
			isa = XCBuildConfiguration;
			buildSettings = {
				ASSETCATALOG_COMPILER_APPICON_NAME = AppIcon;
				ASSETCATALOG_COMPILER_GLOBAL_ACCENT_COLOR_NAME = AccentColor;
				CODE_SIGN_STYLE = Automatic;
				DEVELOPMENT_TEAM = YK9XLY7582;
				INFOPLIST_FILE = "Milestone 28-30/Info.plist";
				LD_RUNPATH_SEARCH_PATHS = (
					"$(inherited)",
					"@executable_path/Frameworks",
				);
				PRODUCT_BUNDLE_IDENTIFIER = "ru.mail.at-mak.Milestone-28-30";
				PRODUCT_NAME = "$(TARGET_NAME)";
				SWIFT_VERSION = 5.0;
				TARGETED_DEVICE_FAMILY = "1,2";
			};
			name = Release;
		};
/* End XCBuildConfiguration section */

/* Begin XCConfigurationList section */
		81194089264465820053C556 /* Build configuration list for PBXProject "Milestone 28-30" */ = {
			isa = XCConfigurationList;
			buildConfigurations = (
				811940A0264465830053C556 /* Debug */,
				811940A1264465830053C556 /* Release */,
			);
			defaultConfigurationIsVisible = 0;
			defaultConfigurationName = Release;
		};
		811940A2264465830053C556 /* Build configuration list for PBXNativeTarget "Milestone 28-30" */ = {
			isa = XCConfigurationList;
			buildConfigurations = (
				811940A3264465830053C556 /* Debug */,
				811940A4264465830053C556 /* Release */,
			);
			defaultConfigurationIsVisible = 0;
			defaultConfigurationName = Release;
		};
/* End XCConfigurationList section */
	};
	rootObject = 81194086264465820053C556 /* Project object */;
}
