// !$*UTF8*$!
{
	archiveVersion = 1;
	classes = {
	};
	objectVersion = 50;
	objects = {

/* Begin PBXBuildFile section */
		8118FF872608F76200B03985 /* DetailViewController.swift in Sources */ = {isa = PBXBuildFile; fileRef = 8118FF862608F76200B03985 /* DetailViewController.swift */; };
		81531FED2605043E00C905DB /* AppDelegate.swift in Sources */ = {isa = PBXBuildFile; fileRef = 81531FEC2605043E00C905DB /* AppDelegate.swift */; };
		81531FEF2605043E00C905DB /* SceneDelegate.swift in Sources */ = {isa = PBXBuildFile; fileRef = 81531FEE2605043E00C905DB /* SceneDelegate.swift */; };
		81531FF12605043E00C905DB /* ViewController.swift in Sources */ = {isa = PBXBuildFile; fileRef = 81531FF02605043E00C905DB /* ViewController.swift */; };
		81531FF42605043E00C905DB /* Main.storyboard in Resources */ = {isa = PBXBuildFile; fileRef = 81531FF22605043E00C905DB /* Main.storyboard */; };
		81531FF62605044800C905DB /* Assets.xcassets in Resources */ = {isa = PBXBuildFile; fileRef = 81531FF52605044800C905DB /* Assets.xcassets */; };
		81531FF92605044800C905DB /* LaunchScreen.storyboard in Resources */ = {isa = PBXBuildFile; fileRef = 81531FF72605044800C905DB /* LaunchScreen.storyboard */; };
		81532002260505B500C905DB /* CountryCell.swift in Sources */ = {isa = PBXBuildFile; fileRef = 81532001260505B500C905DB /* CountryCell.swift */; };
		815320052605065900C905DB /* Country.swift in Sources */ = {isa = PBXBuildFile; fileRef = 815320042605065900C905DB /* Country.swift */; };
		8153200826050D5B00C905DB /* countries.json in Resources */ = {isa = PBXBuildFile; fileRef = 8153200726050D5B00C905DB /* countries.json */; };
/* End PBXBuildFile section */

/* Begin PBXFileReference section */
		8118FF862608F76200B03985 /* DetailViewController.swift */ = {isa = PBXFileReference; lastKnownFileType = sourcecode.swift; path = DetailViewController.swift; sourceTree = "<group>"; };
		81531FE92605043E00C905DB /* Mileston 13-15.app */ = {isa = PBXFileReference; explicitFileType = wrapper.application; includeInIndex = 0; path = "Mileston 13-15.app"; sourceTree = BUILT_PRODUCTS_DIR; };
		81531FEC2605043E00C905DB /* AppDelegate.swift */ = {isa = PBXFileReference; lastKnownFileType = sourcecode.swift; path = AppDelegate.swift; sourceTree = "<group>"; };
		81531FEE2605043E00C905DB /* SceneDelegate.swift */ = {isa = PBXFileReference; lastKnownFileType = sourcecode.swift; path = SceneDelegate.swift; sourceTree = "<group>"; };
		81531FF02605043E00C905DB /* ViewController.swift */ = {isa = PBXFileReference; lastKnownFileType = sourcecode.swift; path = ViewController.swift; sourceTree = "<group>"; };
		81531FF32605043E00C905DB /* Base */ = {isa = PBXFileReference; lastKnownFileType = file.storyboard; name = Base; path = Base.lproj/Main.storyboard; sourceTree = "<group>"; };
		81531FF52605044800C905DB /* Assets.xcassets */ = {isa = PBXFileReference; lastKnownFileType = folder.assetcatalog; path = Assets.xcassets; sourceTree = "<group>"; };
		81531FF82605044800C905DB /* Base */ = {isa = PBXFileReference; lastKnownFileType = file.storyboard; name = Base; path = Base.lproj/LaunchScreen.storyboard; sourceTree = "<group>"; };
		81531FFA2605044800C905DB /* Info.plist */ = {isa = PBXFileReference; lastKnownFileType = text.plist.xml; path = Info.plist; sourceTree = "<group>"; };
		81532001260505B500C905DB /* CountryCell.swift */ = {isa = PBXFileReference; lastKnownFileType = sourcecode.swift; path = CountryCell.swift; sourceTree = "<group>"; };
		815320042605065900C905DB /* Country.swift */ = {isa = PBXFileReference; lastKnownFileType = sourcecode.swift; path = Country.swift; sourceTree = "<group>"; };
		8153200726050D5B00C905DB /* countries.json */ = {isa = PBXFileReference; fileEncoding = 4; lastKnownFileType = text.json; name = countries.json; path = "../../13-15 files/countries.json"; sourceTree = "<group>"; };
/* End PBXFileReference section */

/* Begin PBXFrameworksBuildPhase section */
		81531FE62605043E00C905DB /* Frameworks */ = {
			isa = PBXFrameworksBuildPhase;
			buildActionMask = 2147483647;
			files = (
			);
			runOnlyForDeploymentPostprocessing = 0;
		};
/* End PBXFrameworksBuildPhase section */

/* Begin PBXGroup section */
		81531FE02605043E00C905DB = {
			isa = PBXGroup;
			children = (
				81531FEB2605043E00C905DB /* Mileston 13-15 */,
				81531FEA2605043E00C905DB /* Products */,
			);
			sourceTree = "<group>";
		};
		81531FEA2605043E00C905DB /* Products */ = {
			isa = PBXGroup;
			children = (
				81531FE92605043E00C905DB /* Mileston 13-15.app */,
			);
			name = Products;
			sourceTree = "<group>";
		};
		81531FEB2605043E00C905DB /* Mileston 13-15 */ = {
			isa = PBXGroup;
			children = (
				81531FEC2605043E00C905DB /* AppDelegate.swift */,
				81531FEE2605043E00C905DB /* SceneDelegate.swift */,
				81531FF02605043E00C905DB /* ViewController.swift */,
				815320042605065900C905DB /* Country.swift */,
				81531FF22605043E00C905DB /* Main.storyboard */,
				8118FF862608F76200B03985 /* DetailViewController.swift */,
				81532001260505B500C905DB /* CountryCell.swift */,
				81531FF52605044800C905DB /* Assets.xcassets */,
				8153200726050D5B00C905DB /* countries.json */,
				81531FF72605044800C905DB /* LaunchScreen.storyboard */,
				81531FFA2605044800C905DB /* Info.plist */,
			);
			path = "Mileston 13-15";
			sourceTree = "<group>";
		};
/* End PBXGroup section */

/* Begin PBXNativeTarget section */
		81531FE82605043E00C905DB /* Mileston 13-15 */ = {
			isa = PBXNativeTarget;
			buildConfigurationList = 81531FFD2605044800C905DB /* Build configuration list for PBXNativeTarget "Mileston 13-15" */;
			buildPhases = (
				81531FE52605043E00C905DB /* Sources */,
				81531FE62605043E00C905DB /* Frameworks */,
				81531FE72605043E00C905DB /* Resources */,
			);
			buildRules = (
			);
			dependencies = (
			);
			name = "Mileston 13-15";
			productName = "Mileston 13-15";
			productReference = 81531FE92605043E00C905DB /* Mileston 13-15.app */;
			productType = "com.apple.product-type.application";
		};
/* End PBXNativeTarget section */

/* Begin PBXProject section */
		81531FE12605043E00C905DB /* Project object */ = {
			isa = PBXProject;
			attributes = {
				LastSwiftUpdateCheck = 1240;
				LastUpgradeCheck = 1240;
				TargetAttributes = {
					81531FE82605043E00C905DB = {
						CreatedOnToolsVersion = 12.4;
					};
				};
			};
			buildConfigurationList = 81531FE42605043E00C905DB /* Build configuration list for PBXProject "Mileston 13-15" */;
			compatibilityVersion = "Xcode 9.3";
			developmentRegion = en;
			hasScannedForEncodings = 0;
			knownRegions = (
				en,
				Base,
			);
			mainGroup = 81531FE02605043E00C905DB;
			productRefGroup = 81531FEA2605043E00C905DB /* Products */;
			projectDirPath = "";
			projectRoot = "";
			targets = (
				81531FE82605043E00C905DB /* Mileston 13-15 */,
			);
		};
/* End PBXProject section */

/* Begin PBXResourcesBuildPhase section */
		81531FE72605043E00C905DB /* Resources */ = {
			isa = PBXResourcesBuildPhase;
			buildActionMask = 2147483647;
			files = (
				8153200826050D5B00C905DB /* countries.json in Resources */,
				81531FF92605044800C905DB /* LaunchScreen.storyboard in Resources */,
				81531FF62605044800C905DB /* Assets.xcassets in Resources */,
				81531FF42605043E00C905DB /* Main.storyboard in Resources */,
			);
			runOnlyForDeploymentPostprocessing = 0;
		};
/* End PBXResourcesBuildPhase section */

/* Begin PBXSourcesBuildPhase section */
		81531FE52605043E00C905DB /* Sources */ = {
			isa = PBXSourcesBuildPhase;
			buildActionMask = 2147483647;
			files = (
				81532002260505B500C905DB /* CountryCell.swift in Sources */,
				81531FF12605043E00C905DB /* ViewController.swift in Sources */,
				81531FED2605043E00C905DB /* AppDelegate.swift in Sources */,
				8118FF872608F76200B03985 /* DetailViewController.swift in Sources */,
				815320052605065900C905DB /* Country.swift in Sources */,
				81531FEF2605043E00C905DB /* SceneDelegate.swift in Sources */,
			);
			runOnlyForDeploymentPostprocessing = 0;
		};
/* End PBXSourcesBuildPhase section */

/* Begin PBXVariantGroup section */
		81531FF22605043E00C905DB /* Main.storyboard */ = {
			isa = PBXVariantGroup;
			children = (
				81531FF32605043E00C905DB /* Base */,
			);
			name = Main.storyboard;
			sourceTree = "<group>";
		};
		81531FF72605044800C905DB /* LaunchScreen.storyboard */ = {
			isa = PBXVariantGroup;
			children = (
				81531FF82605044800C905DB /* Base */,
			);
			name = LaunchScreen.storyboard;
			sourceTree = "<group>";
		};
/* End PBXVariantGroup section */

/* Begin XCBuildConfiguration section */
		81531FFB2605044800C905DB /* Debug */ = {
			isa = XCBuildConfiguration;
			buildSettings = {
				ALWAYS_SEARCH_USER_PATHS = NO;
				CLANG_ANALYZER_NONNULL = YES;
				CLANG_ANALYZER_NUMBER_OBJECT_CONVERSION = YES_AGGRESSIVE;
				CLANG_CXX_LANGUAGE_STANDARD = "gnu++14";
				CLANG_CXX_LIBRARY = "libc++";
				CLANG_ENABLE_MODULES = YES;
				CLANG_ENABLE_OBJC_ARC = YES;
				CLANG_ENABLE_OBJC_WEAK = YES;
				CLANG_WARN_BLOCK_CAPTURE_AUTORELEASING = YES;
				CLANG_WARN_BOOL_CONVERSION = YES;
				CLANG_WARN_COMMA = YES;
				CLANG_WARN_CONSTANT_CONVERSION = YES;
				CLANG_WARN_DEPRECATED_OBJC_IMPLEMENTATIONS = YES;
				CLANG_WARN_DIRECT_OBJC_ISA_USAGE = YES_ERROR;
				CLANG_WARN_DOCUMENTATION_COMMENTS = YES;
				CLANG_WARN_EMPTY_BODY = YES;
				CLANG_WARN_ENUM_CONVERSION = YES;
				CLANG_WARN_INFINITE_RECURSION = YES;
				CLANG_WARN_INT_CONVERSION = YES;
				CLANG_WARN_NON_LITERAL_NULL_CONVERSION = YES;
				CLANG_WARN_OBJC_IMPLICIT_RETAIN_SELF = YES;
				CLANG_WARN_OBJC_LITERAL_CONVERSION = YES;
				CLANG_WARN_OBJC_ROOT_CLASS = YES_ERROR;
				CLANG_WARN_QUOTED_INCLUDE_IN_FRAMEWORK_HEADER = YES;
				CLANG_WARN_RANGE_LOOP_ANALYSIS = YES;
				CLANG_WARN_STRICT_PROTOTYPES = YES;
				CLANG_WARN_SUSPICIOUS_MOVE = YES;
				CLANG_WARN_UNGUARDED_AVAILABILITY = YES_AGGRESSIVE;
				CLANG_WARN_UNREACHABLE_CODE = YES;
				CLANG_WARN__DUPLICATE_METHOD_MATCH = YES;
				COPY_PHASE_STRIP = NO;
				DEBUG_INFORMATION_FORMAT = dwarf;
				ENABLE_STRICT_OBJC_MSGSEND = YES;
				ENABLE_TESTABILITY = YES;
				GCC_C_LANGUAGE_STANDARD = gnu11;
				GCC_DYNAMIC_NO_PIC = NO;
				GCC_NO_COMMON_BLOCKS = YES;
				GCC_OPTIMIZATION_LEVEL = 0;
				GCC_PREPROCESSOR_DEFINITIONS = (
					"DEBUG=1",
					"$(inherited)",
				);
				GCC_WARN_64_TO_32_BIT_CONVERSION = YES;
				GCC_WARN_ABOUT_RETURN_TYPE = YES_ERROR;
				GCC_WARN_UNDECLARED_SELECTOR = YES;
				GCC_WARN_UNINITIALIZED_AUTOS = YES_AGGRESSIVE;
				GCC_WARN_UNUSED_FUNCTION = YES;
				GCC_WARN_UNUSED_VARIABLE = YES;
				IPHONEOS_DEPLOYMENT_TARGET = 14.4;
				MTL_ENABLE_DEBUG_INFO = INCLUDE_SOURCE;
				MTL_FAST_MATH = YES;
				ONLY_ACTIVE_ARCH = YES;
				SDKROOT = iphoneos;
				SWIFT_ACTIVE_COMPILATION_CONDITIONS = DEBUG;
				SWIFT_OPTIMIZATION_LEVEL = "-Onone";
			};
			name = Debug;
		};
		81531FFC2605044800C905DB /* Release */ = {
			isa = XCBuildConfiguration;
			buildSettings = {
				ALWAYS_SEARCH_USER_PATHS = NO;
				CLANG_ANALYZER_NONNULL = YES;
				CLANG_ANALYZER_NUMBER_OBJECT_CONVERSION = YES_AGGRESSIVE;
				CLANG_CXX_LANGUAGE_STANDARD = "gnu++14";
				CLANG_CXX_LIBRARY = "libc++";
				CLANG_ENABLE_MODULES = YES;
				CLANG_ENABLE_OBJC_ARC = YES;
				CLANG_ENABLE_OBJC_WEAK = YES;
				CLANG_WARN_BLOCK_CAPTURE_AUTORELEASING = YES;
				CLANG_WARN_BOOL_CONVERSION = YES;
				CLANG_WARN_COMMA = YES;
				CLANG_WARN_CONSTANT_CONVERSION = YES;
				CLANG_WARN_DEPRECATED_OBJC_IMPLEMENTATIONS = YES;
				CLANG_WARN_DIRECT_OBJC_ISA_USAGE = YES_ERROR;
				CLANG_WARN_DOCUMENTATION_COMMENTS = YES;
				CLANG_WARN_EMPTY_BODY = YES;
				CLANG_WARN_ENUM_CONVERSION = YES;
				CLANG_WARN_INFINITE_RECURSION = YES;
				CLANG_WARN_INT_CONVERSION = YES;
				CLANG_WARN_NON_LITERAL_NULL_CONVERSION = YES;
				CLANG_WARN_OBJC_IMPLICIT_RETAIN_SELF = YES;
				CLANG_WARN_OBJC_LITERAL_CONVERSION = YES;
				CLANG_WARN_OBJC_ROOT_CLASS = YES_ERROR;
				CLANG_WARN_QUOTED_INCLUDE_IN_FRAMEWORK_HEADER = YES;
				CLANG_WARN_RANGE_LOOP_ANALYSIS = YES;
				CLANG_WARN_STRICT_PROTOTYPES = YES;
				CLANG_WARN_SUSPICIOUS_MOVE = YES;
				CLANG_WARN_UNGUARDED_AVAILABILITY = YES_AGGRESSIVE;
				CLANG_WARN_UNREACHABLE_CODE = YES;
				CLANG_WARN__DUPLICATE_METHOD_MATCH = YES;
				COPY_PHASE_STRIP = NO;
				DEBUG_INFORMATION_FORMAT = "dwarf-with-dsym";
				ENABLE_NS_ASSERTIONS = NO;
				ENABLE_STRICT_OBJC_MSGSEND = YES;
				GCC_C_LANGUAGE_STANDARD = gnu11;
				GCC_NO_COMMON_BLOCKS = YES;
				GCC_WARN_64_TO_32_BIT_CONVERSION = YES;
				GCC_WARN_ABOUT_RETURN_TYPE = YES_ERROR;
				GCC_WARN_UNDECLARED_SELECTOR = YES;
				GCC_WARN_UNINITIALIZED_AUTOS = YES_AGGRESSIVE;
				GCC_WARN_UNUSED_FUNCTION = YES;
				GCC_WARN_UNUSED_VARIABLE = YES;
				IPHONEOS_DEPLOYMENT_TARGET = 14.4;
				MTL_ENABLE_DEBUG_INFO = NO;
				MTL_FAST_MATH = YES;
				SDKROOT = iphoneos;
				SWIFT_COMPILATION_MODE = wholemodule;
				SWIFT_OPTIMIZATION_LEVEL = "-O";
				VALIDATE_PRODUCT = YES;
			};
			name = Release;
		};
		81531FFE2605044800C905DB /* Debug */ = {
			isa = XCBuildConfiguration;
			buildSettings = {
				ASSETCATALOG_COMPILER_APPICON_NAME = AppIcon;
				ASSETCATALOG_COMPILER_GLOBAL_ACCENT_COLOR_NAME = AccentColor;
				CODE_SIGN_STYLE = Automatic;
				DEVELOPMENT_TEAM = YK9XLY7582;
				INFOPLIST_FILE = "Mileston 13-15/Info.plist";
				LD_RUNPATH_SEARCH_PATHS = (
					"$(inherited)",
					"@executable_path/Frameworks",
				);
				PRODUCT_BUNDLE_IDENTIFIER = "ru.mail.at-mak.Mileston-13-15";
				PRODUCT_NAME = "$(TARGET_NAME)";
				SWIFT_VERSION = 5.0;
				TARGETED_DEVICE_FAMILY = "1,2";
			};
			name = Debug;
		};
		81531FFF2605044800C905DB /* Release */ = {
			isa = XCBuildConfiguration;
			buildSettings = {
				ASSETCATALOG_COMPILER_APPICON_NAME = AppIcon;
				ASSETCATALOG_COMPILER_GLOBAL_ACCENT_COLOR_NAME = AccentColor;
				CODE_SIGN_STYLE = Automatic;
				DEVELOPMENT_TEAM = YK9XLY7582;
				INFOPLIST_FILE = "Mileston 13-15/Info.plist";
				LD_RUNPATH_SEARCH_PATHS = (
					"$(inherited)",
					"@executable_path/Frameworks",
				);
				PRODUCT_BUNDLE_IDENTIFIER = "ru.mail.at-mak.Mileston-13-15";
				PRODUCT_NAME = "$(TARGET_NAME)";
				SWIFT_VERSION = 5.0;
				TARGETED_DEVICE_FAMILY = "1,2";
			};
			name = Release;
		};
/* End XCBuildConfiguration section */

/* Begin XCConfigurationList section */
		81531FE42605043E00C905DB /* Build configuration list for PBXProject "Mileston 13-15" */ = {
			isa = XCConfigurationList;
			buildConfigurations = (
				81531FFB2605044800C905DB /* Debug */,
				81531FFC2605044800C905DB /* Release */,
			);
			defaultConfigurationIsVisible = 0;
			defaultConfigurationName = Release;
		};
		81531FFD2605044800C905DB /* Build configuration list for PBXNativeTarget "Mileston 13-15" */ = {
			isa = XCConfigurationList;
			buildConfigurations = (
				81531FFE2605044800C905DB /* Debug */,
				81531FFF2605044800C905DB /* Release */,
			);
			defaultConfigurationIsVisible = 0;
			defaultConfigurationName = Release;
		};
/* End XCConfigurationList section */
	};
	rootObject = 81531FE12605043E00C905DB /* Project object */;
}
